
Microsoft Visual Studio Solution File, Format Version 12.00
# Visual Studio 15
VisualStudioVersion = 15.0.27428.2005
MinimumVisualStudioVersion = 10.0.40219.1
Project("{FAE04EC0-301F-11D3-BF4B-00C04F79EFBC}") = "EntityFramework.Utilities", "EntityFramework.Utilities\EntityFramework.Utilities.csproj", "{C3211BAC-13F0-42A7-924C-34BB0EE77914}"
EndProject
Global
	GlobalSection(SolutionConfigurationPlatforms) = preSolution
		Debug|Any CPU = Debug|Any CPU
		Release|Any CPU = Release|Any CPU
	EndGlobalSection
	GlobalSection(ProjectConfigurationPlatforms) = postSolution
		{C3211BAC-13F0-42A7-924C-34BB0EE77914}.Debug|Any CPU.ActiveCfg = Debug|Any CPU
		{C3211BAC-13F0-42A7-924C-34BB0EE77914}.Debug|Any CPU.Build.0 = Debug|Any CPU
		{C3211BAC-13F0-42A7-924C-34BB0EE77914}.Release|Any CPU.ActiveCfg = Release|Any CPU
		{C3211BAC-13F0-42A7-924C-34BB0EE77914}.Release|Any CPU.Build.0 = Release|Any CPU
	EndGlobalSection
	GlobalSection(SolutionProperties) = preSolution
		HideSolutionNode = FALSE
	EndGlobalSection
	GlobalSection(ExtensibilityGlobals) = postSolution
		SolutionGuid = {9CD646AB-A2F4-4E2E-AE90-654FE5852B6C}
	EndGlobalSection
EndGlobal
